
Microsoft Visual Studio Solution File, Format Version 12.00
# 17
VisualStudioVersion = 17.3.32804.467
MinimumVisualStudioVersion = 10.0.40219.1
Project("{9A19103F-16F7-4668-BE54-9A1E7A4F7556}") = "FluentCommand", "src\FluentCommand\FluentCommand.csproj", "{4D5F125D-8DD5-496B-959E-78F55D8BE946}"
EndProject
Project("{2150E333-8FDC-42A3-9474-1A3956D46DE8}") = "Tests", "Tests", "{228D7B65-A886-4D86-AED0-F3CB0C61819B}"
	ProjectSection(SolutionItems) = preProject
		test\Directory.Build.props = test\Directory.Build.props
	EndProjectSection
EndProject
Project("{9A19103F-16F7-4668-BE54-9A1E7A4F7556}") = "FluentCommand.Entities", "test\FluentCommand.Entities\FluentCommand.Entities.csproj", "{A1DC06EF-CBFB-4EE7-883D-4BF0369F2654}"
EndProject
Project("{9A19103F-16F7-4668-BE54-9A1E7A4F7556}") = "FluentCommand.SQLite.Tests", "test\FluentCommand.SQLite.Tests\FluentCommand.SQLite.Tests.csproj", "{0F3235EA-8397-4D99-AB07-DF7987409DD4}"
EndProject
Project("{9A19103F-16F7-4668-BE54-9A1E7A4F7556}") = "FluentCommand.SqlServer.Tests", "test\FluentCommand.SqlServer.Tests\FluentCommand.SqlServer.Tests.csproj", "{5DE2495F-EC9E-49C5-8211-5ACB44A780A8}"
EndProject
Project("{2150E333-8FDC-42A3-9474-1A3956D46DE8}") = "Build", "Build", "{38D98603-4878-4CFA-ACF5-5BEC1218B149}"
	ProjectSection(SolutionItems) = preProject
		coverlet.runsettings = coverlet.runsettings
		.github\dependabot.yml = .github\dependabot.yml
		src\Directory.Build.props = src\Directory.Build.props
		.github\workflows\dotnet.yml = .github\workflows\dotnet.yml
		.github\workflows\merge.yml = .github\workflows\merge.yml
		README.md = README.md
	EndProjectSection
EndProject
Project("{9A19103F-16F7-4668-BE54-9A1E7A4F7556}") = "FluentCommand.Tests", "test\FluentCommand.Tests\FluentCommand.Tests.csproj", "{A003BB6E-286D-4F52-B980-992816892CEE}"
EndProject
Project("{9A19103F-16F7-4668-BE54-9A1E7A4F7556}") = "FluentCommand.PostgreSQL.Tests", "test\FluentCommand.PostgreSQL.Tests\FluentCommand.PostgreSQL.Tests.csproj", "{CFCFEA34-ABFA-490E-85BF-A7DC12392245}"
EndProject
Project("{9A19103F-16F7-4668-BE54-9A1E7A4F7556}") = "FluentCommand.SqlServer", "src\FluentCommand.SqlServer\FluentCommand.SqlServer.csproj", "{536C4B33-C1D8-495B-A282-97F525BF994D}"
EndProject
Project("{9A19103F-16F7-4668-BE54-9A1E7A4F7556}") = "FluentCommand.Json", "src\FluentCommand.Json\FluentCommand.Json.csproj", "{5DC02823-0A42-4C2D-8E49-C0BEA9CAE97A}"
EndProject
Project("{9A19103F-16F7-4668-BE54-9A1E7A4F7556}") = "FluentCommand.Generators", "src\FluentCommand.Generators\FluentCommand.Generators.csproj", "{43DCCD08-D585-4905-95A9-120D300C512A}"
EndProject
Project("{9A19103F-16F7-4668-BE54-9A1E7A4F7556}") = "FluentCommand.Generators.Tests", "test\FluentCommand.Generators.Tests\FluentCommand.Generators.Tests.csproj", "{00F44ED1-561E-43DC-ABC1-A78411FFC6F3}"
EndProject
Project("{9A19103F-16F7-4668-BE54-9A1E7A4F7556}") = "FluentCommand.Performance", "test\FluentCommand.Performance\FluentCommand.Performance.csproj", "{A5C1646D-4508-46C4-9C5B-17D0654AFEE9}"
EndProject
Project("{9A19103F-16F7-4668-BE54-9A1E7A4F7556}") = "FluentCommand.Caching", "src\FluentCommand.Caching\FluentCommand.Caching.csproj", "{4565EA0D-C7E4-4327-B78D-C5B19C76AC8A}"
EndProject
Project("{9A19103F-16F7-4668-BE54-9A1E7A4F7556}") = "FluentCommand.Csv", "src\FluentCommand.Csv\FluentCommand.Csv.csproj", "{FE8CBF1C-7231-4D26-A2DB-EDB0E7F29871}"
EndProject
Global
	GlobalSection(SolutionConfigurationPlatforms) = preSolution
		Debug|Any CPU = Debug|Any CPU
		Release|Any CPU = Release|Any CPU
	EndGlobalSection
	GlobalSection(ProjectConfigurationPlatforms) = postSolution
		{4D5F125D-8DD5-496B-959E-78F55D8BE946}.Debug|Any CPU.ActiveCfg = Debug|Any CPU
		{4D5F125D-8DD5-496B-959E-78F55D8BE946}.Debug|Any CPU.Build.0 = Debug|Any CPU
		{4D5F125D-8DD5-496B-959E-78F55D8BE946}.Release|Any CPU.ActiveCfg = Release|Any CPU
		{4D5F125D-8DD5-496B-959E-78F55D8BE946}.Release|Any CPU.Build.0 = Release|Any CPU
		{A1DC06EF-CBFB-4EE7-883D-4BF0369F2654}.Debug|Any CPU.ActiveCfg = Debug|Any CPU
		{A1DC06EF-CBFB-4EE7-883D-4BF0369F2654}.Debug|Any CPU.Build.0 = Debug|Any CPU
		{A1DC06EF-CBFB-4EE7-883D-4BF0369F2654}.Release|Any CPU.ActiveCfg = Release|Any CPU
		{A1DC06EF-CBFB-4EE7-883D-4BF0369F2654}.Release|Any CPU.Build.0 = Release|Any CPU
		{0F3235EA-8397-4D99-AB07-DF7987409DD4}.Debug|Any CPU.ActiveCfg = Debug|Any CPU
		{0F3235EA-8397-4D99-AB07-DF7987409DD4}.Debug|Any CPU.Build.0 = Debug|Any CPU
		{0F3235EA-8397-4D99-AB07-DF7987409DD4}.Release|Any CPU.ActiveCfg = Release|Any CPU
		{0F3235EA-8397-4D99-AB07-DF7987409DD4}.Release|Any CPU.Build.0 = Release|Any CPU
		{5DE2495F-EC9E-49C5-8211-5ACB44A780A8}.Debug|Any CPU.ActiveCfg = Debug|Any CPU
		{5DE2495F-EC9E-49C5-8211-5ACB44A780A8}.Debug|Any CPU.Build.0 = Debug|Any CPU
		{5DE2495F-EC9E-49C5-8211-5ACB44A780A8}.Release|Any CPU.ActiveCfg = Release|Any CPU
		{5DE2495F-EC9E-49C5-8211-5ACB44A780A8}.Release|Any CPU.Build.0 = Release|Any CPU
		{A003BB6E-286D-4F52-B980-992816892CEE}.Debug|Any CPU.ActiveCfg = Debug|Any CPU
		{A003BB6E-286D-4F52-B980-992816892CEE}.Debug|Any CPU.Build.0 = Debug|Any CPU
		{A003BB6E-286D-4F52-B980-992816892CEE}.Release|Any CPU.ActiveCfg = Release|Any CPU
		{A003BB6E-286D-4F52-B980-992816892CEE}.Release|Any CPU.Build.0 = Release|Any CPU
		{CFCFEA34-ABFA-490E-85BF-A7DC12392245}.Debug|Any CPU.ActiveCfg = Debug|Any CPU
		{CFCFEA34-ABFA-490E-85BF-A7DC12392245}.Debug|Any CPU.Build.0 = Debug|Any CPU
		{CFCFEA34-ABFA-490E-85BF-A7DC12392245}.Release|Any CPU.ActiveCfg = Release|Any CPU
		{CFCFEA34-ABFA-490E-85BF-A7DC12392245}.Release|Any CPU.Build.0 = Release|Any CPU
		{536C4B33-C1D8-495B-A282-97F525BF994D}.Debug|Any CPU.ActiveCfg = Debug|Any CPU
		{536C4B33-C1D8-495B-A282-97F525BF994D}.Debug|Any CPU.Build.0 = Debug|Any CPU
		{536C4B33-C1D8-495B-A282-97F525BF994D}.Release|Any CPU.ActiveCfg = Release|Any CPU
		{536C4B33-C1D8-495B-A282-97F525BF994D}.Release|Any CPU.Build.0 = Release|Any CPU
		{5DC02823-0A42-4C2D-8E49-C0BEA9CAE97A}.Debug|Any CPU.ActiveCfg = Debug|Any CPU
		{5DC02823-0A42-4C2D-8E49-C0BEA9CAE97A}.Debug|Any CPU.Build.0 = Debug|Any CPU
		{5DC02823-0A42-4C2D-8E49-C0BEA9CAE97A}.Release|Any CPU.ActiveCfg = Release|Any CPU
		{5DC02823-0A42-4C2D-8E49-C0BEA9CAE97A}.Release|Any CPU.Build.0 = Release|Any CPU
		{43DCCD08-D585-4905-95A9-120D300C512A}.Debug|Any CPU.ActiveCfg = Debug|Any CPU
		{43DCCD08-D585-4905-95A9-120D300C512A}.Debug|Any CPU.Build.0 = Debug|Any CPU
		{43DCCD08-D585-4905-95A9-120D300C512A}.Release|Any CPU.ActiveCfg = Release|Any CPU
		{43DCCD08-D585-4905-95A9-120D300C512A}.Release|Any CPU.Build.0 = Release|Any CPU
		{00F44ED1-561E-43DC-ABC1-A78411FFC6F3}.Debug|Any CPU.ActiveCfg = Debug|Any CPU
		{00F44ED1-561E-43DC-ABC1-A78411FFC6F3}.Debug|Any CPU.Build.0 = Debug|Any CPU
		{00F44ED1-561E-43DC-ABC1-A78411FFC6F3}.Release|Any CPU.ActiveCfg = Release|Any CPU
		{00F44ED1-561E-43DC-ABC1-A78411FFC6F3}.Release|Any CPU.Build.0 = Release|Any CPU
		{A5C1646D-4508-46C4-9C5B-17D0654AFEE9}.Debug|Any CPU.ActiveCfg = Debug|Any CPU
		{A5C1646D-4508-46C4-9C5B-17D0654AFEE9}.Debug|Any CPU.Build.0 = Debug|Any CPU
		{A5C1646D-4508-46C4-9C5B-17D0654AFEE9}.Release|Any CPU.ActiveCfg = Release|Any CPU
		{A5C1646D-4508-46C4-9C5B-17D0654AFEE9}.Release|Any CPU.Build.0 = Release|Any CPU
		{4565EA0D-C7E4-4327-B78D-C5B19C76AC8A}.Debug|Any CPU.ActiveCfg = Debug|Any CPU
		{4565EA0D-C7E4-4327-B78D-C5B19C76AC8A}.Debug|Any CPU.Build.0 = Debug|Any CPU
		{4565EA0D-C7E4-4327-B78D-C5B19C76AC8A}.Release|Any CPU.ActiveCfg = Release|Any CPU
		{4565EA0D-C7E4-4327-B78D-C5B19C76AC8A}.Release|Any CPU.Build.0 = Release|Any CPU
		{FE8CBF1C-7231-4D26-A2DB-EDB0E7F29871}.Debug|Any CPU.ActiveCfg = Debug|Any CPU
		{FE8CBF1C-7231-4D26-A2DB-EDB0E7F29871}.Debug|Any CPU.Build.0 = Debug|Any CPU
		{FE8CBF1C-7231-4D26-A2DB-EDB0E7F29871}.Release|Any CPU.ActiveCfg = Release|Any CPU
		{FE8CBF1C-7231-4D26-A2DB-EDB0E7F29871}.Release|Any CPU.Build.0 = Release|Any CPU
	EndGlobalSection
	GlobalSection(SolutionProperties) = preSolution
		HideSolutionNode = FALSE
	EndGlobalSection
	GlobalSection(NestedProjects) = preSolution
		{A1DC06EF-CBFB-4EE7-883D-4BF0369F2654} = {228D7B65-A886-4D86-AED0-F3CB0C61819B}
		{0F3235EA-8397-4D99-AB07-DF7987409DD4} = {228D7B65-A886-4D86-AED0-F3CB0C61819B}
		{5DE2495F-EC9E-49C5-8211-5ACB44A780A8} = {228D7B65-A886-4D86-AED0-F3CB0C61819B}
		{A003BB6E-286D-4F52-B980-992816892CEE} = {228D7B65-A886-4D86-AED0-F3CB0C61819B}
		{CFCFEA34-ABFA-490E-85BF-A7DC12392245} = {228D7B65-A886-4D86-AED0-F3CB0C61819B}
		{00F44ED1-561E-43DC-ABC1-A78411FFC6F3} = {228D7B65-A886-4D86-AED0-F3CB0C61819B}
		{A5C1646D-4508-46C4-9C5B-17D0654AFEE9} = {228D7B65-A886-4D86-AED0-F3CB0C61819B}
	EndGlobalSection
	GlobalSection(ExtensibilityGlobals) = postSolution
		SolutionGuid = {F155C146-9B35-439E-ADB6-420C772E18F9}
	EndGlobalSection
EndGlobal
