
Microsoft Visual Studio Solution File, Format Version 12.00
# Visual Studio 15
VisualStudioVersion = 15.0.27428.2037
MinimumVisualStudioVersion = 10.0.40219.1
Project("{00D1A9C2-B5F0-4AF3-8072-F6C62B433612}") = "Tracker", "Tracker\Tracker.sqlproj", "{4A672F48-9E70-43EE-8EE9-CDAE0542E7D7}"
EndProject
Global
	GlobalSection(SolutionConfigurationPlatforms) = preSolution
		Debug|Any CPU = Debug|Any CPU
		Release|Any CPU = Release|Any CPU
	EndGlobalSection
	GlobalSection(ProjectConfigurationPlatforms) = postSolution
		{4A672F48-9E70-43EE-8EE9-CDAE0542E7D7}.Debug|Any CPU.ActiveCfg = Debug|Any CPU
		{4A672F48-9E70-43EE-8EE9-CDAE0542E7D7}.Debug|Any CPU.Build.0 = Debug|Any CPU
		{4A672F48-9E70-43EE-8EE9-CDAE0542E7D7}.Debug|Any CPU.Deploy.0 = Debug|Any CPU
		{4A672F48-9E70-43EE-8EE9-CDAE0542E7D7}.Release|Any CPU.ActiveCfg = Release|Any CPU
		{4A672F48-9E70-43EE-8EE9-CDAE0542E7D7}.Release|Any CPU.Build.0 = Release|Any CPU
		{4A672F48-9E70-43EE-8EE9-CDAE0542E7D7}.Release|Any CPU.Deploy.0 = Release|Any CPU
	EndGlobalSection
	GlobalSection(SolutionProperties) = preSolution
		HideSolutionNode = FALSE
	EndGlobalSection
	GlobalSection(ExtensibilityGlobals) = postSolution
		SolutionGuid = {338BCC52-EC35-4E44-91D8-65EBA4E001A5}
	EndGlobalSection
EndGlobal
